// !$*UTF8*$!
{
	archiveVersion = 1;
	classes = {
	};
	objectVersion = 48;
	objects = {

/* Begin PBXBuildFile section */
		701BB58F201ED77C00A59E3E /* AppDelegate.swift in Sources */ = {isa = PBXBuildFile; fileRef = 701BB58E201ED77C00A59E3E /* AppDelegate.swift */; };
		701BB591201ED77C00A59E3E /* ViewController.swift in Sources */ = {isa = PBXBuildFile; fileRef = 701BB590201ED77C00A59E3E /* ViewController.swift */; };
		701BB594201ED77C00A59E3E /* Main.storyboard in Resources */ = {isa = PBXBuildFile; fileRef = 701BB592201ED77C00A59E3E /* Main.storyboard */; };
		701BB596201ED77C00A59E3E /* Assets.xcassets in Resources */ = {isa = PBXBuildFile; fileRef = 701BB595201ED77C00A59E3E /* Assets.xcassets */; };
		701BB599201ED77C00A59E3E /* LaunchScreen.storyboard in Resources */ = {isa = PBXBuildFile; fileRef = 701BB597201ED77C00A59E3E /* LaunchScreen.storyboard */; };
		70411943201F44BA00E813F2 /* qw.swift in Sources */ = {isa = PBXBuildFile; fileRef = 70411942201F44BA00E813F2 /* qw.swift */; };
		70411947201F47CB00E813F2 /* asd.xib in Resources */ = {isa = PBXBuildFile; fileRef = 70411946201F47CB00E813F2 /* asd.xib */; };
/* End PBXBuildFile section */

/* Begin PBXFileReference section */
		701BB58B201ED77C00A59E3E /* aqqqaq.app */ = {isa = PBXFileReference; explicitFileType = wrapper.application; includeInIndex = 0; path = aqqqaq.app; sourceTree = BUILT_PRODUCTS_DIR; };
		701BB58E201ED77C00A59E3E /* AppDelegate.swift */ = {isa = PBXFileReference; lastKnownFileType = sourcecode.swift; path = AppDelegate.swift; sourceTree = "<group>"; };
		701BB590201ED77C00A59E3E /* ViewController.swift */ = {isa = PBXFileReference; lastKnownFileType = sourcecode.swift; path = ViewController.swift; sourceTree = "<group>"; };
		701BB593201ED77C00A59E3E /* Base */ = {isa = PBXFileReference; lastKnownFileType = file.storyboard; name = Base; path = Base.lproj/Main.storyboard; sourceTree = "<group>"; };
		701BB595201ED77C00A59E3E /* Assets.xcassets */ = {isa = PBXFileReference; lastKnownFileType = folder.assetcatalog; path = Assets.xcassets; sourceTree = "<group>"; };
		701BB598201ED77C00A59E3E /* Base */ = {isa = PBXFileReference; lastKnownFileType = file.storyboard; name = Base; path = Base.lproj/LaunchScreen.storyboard; sourceTree = "<group>"; };
		701BB59A201ED77C00A59E3E /* Info.plist */ = {isa = PBXFileReference; lastKnownFileType = text.plist.xml; path = Info.plist; sourceTree = "<group>"; };
		70411942201F44BA00E813F2 /* qw.swift */ = {isa = PBXFileReference; lastKnownFileType = sourcecode.swift; path = qw.swift; sourceTree = "<group>"; };
		70411946201F47CB00E813F2 /* asd.xib */ = {isa = PBXFileReference; lastKnownFileType = file.xib; path = asd.xib; sourceTree = "<group>"; };
/* End PBXFileReference section */

/* Begin PBXFrameworksBuildPhase section */
		701BB588201ED77C00A59E3E /* Frameworks */ = {
			isa = PBXFrameworksBuildPhase;
			buildActionMask = 2147483647;
			files = (
			);
			runOnlyForDeploymentPostprocessing = 0;
		};
/* End PBXFrameworksBuildPhase section */

/* Begin PBXGroup section */
		701BB582201ED77B00A59E3E = {
			isa = PBXGroup;
			children = (
				701BB58D201ED77C00A59E3E /* aqqqaq */,
				701BB58C201ED77C00A59E3E /* Products */,
			);
			sourceTree = "<group>";
		};
		701BB58C201ED77C00A59E3E /* Products */ = {
			isa = PBXGroup;
			children = (
				701BB58B201ED77C00A59E3E /* aqqqaq.app */,
			);
			name = Products;
			sourceTree = "<group>";
		};
		701BB58D201ED77C00A59E3E /* aqqqaq */ = {
			isa = PBXGroup;
			children = (
				701BB58E201ED77C00A59E3E /* AppDelegate.swift */,
				70411946201F47CB00E813F2 /* asd.xib */,
				701BB590201ED77C00A59E3E /* ViewController.swift */,
				70411942201F44BA00E813F2 /* qw.swift */,
				701BB592201ED77C00A59E3E /* Main.storyboard */,
				701BB595201ED77C00A59E3E /* Assets.xcassets */,
				701BB597201ED77C00A59E3E /* LaunchScreen.storyboard */,
				701BB59A201ED77C00A59E3E /* Info.plist */,
			);
			path = aqqqaq;
			sourceTree = "<group>";
		};
/* End PBXGroup section */

/* Begin PBXNativeTarget section */
		701BB58A201ED77C00A59E3E /* aqqqaq */ = {
			isa = PBXNativeTarget;
			buildConfigurationList = 701BB59D201ED77C00A59E3E /* Build configuration list for PBXNativeTarget "aqqqaq" */;
			buildPhases = (
				701BB587201ED77C00A59E3E /* Sources */,
				701BB588201ED77C00A59E3E /* Frameworks */,
				701BB589201ED77C00A59E3E /* Resources */,
			);
			buildRules = (
			);
			dependencies = (
			);
			name = aqqqaq;
			productName = aqqqaq;
			productReference = 701BB58B201ED77C00A59E3E /* aqqqaq.app */;
			productType = "com.apple.product-type.application";
		};
/* End PBXNativeTarget section */

/* Begin PBXProject section */
		701BB583201ED77B00A59E3E /* Project object */ = {
			isa = PBXProject;
			attributes = {
				LastSwiftUpdateCheck = 0910;
				LastUpgradeCheck = 0910;
				ORGANIZATIONNAME = com.trio;
				TargetAttributes = {
					701BB58A201ED77C00A59E3E = {
						CreatedOnToolsVersion = 9.1;
						ProvisioningStyle = Automatic;
					};
				};
			};
			buildConfigurationList = 701BB586201ED77B00A59E3E /* Build configuration list for PBXProject "aqqqaq" */;
			compatibilityVersion = "Xcode 8.0";
			developmentRegion = en;
			hasScannedForEncodings = 0;
			knownRegions = (
				en,
				Base,
			);
			mainGroup = 701BB582201ED77B00A59E3E;
			productRefGroup = 701BB58C201ED77C00A59E3E /* Products */;
			projectDirPath = "";
			projectRoot = "";
			targets = (
				701BB58A201ED77C00A59E3E /* aqqqaq */,
			);
		};
/* End PBXProject section */

/* Begin PBXResourcesBuildPhase section */
		701BB589201ED77C00A59E3E /* Resources */ = {
			isa = PBXResourcesBuildPhase;
			buildActionMask = 2147483647;
			files = (
				70411947201F47CB00E813F2 /* asd.xib in Resources */,
				701BB599201ED77C00A59E3E /* LaunchScreen.storyboard in Resources */,
				701BB596201ED77C00A59E3E /* Assets.xcassets in Resources */,
				701BB594201ED77C00A59E3E /* Main.storyboard in Resources */,
			);
			runOnlyForDeploymentPostprocessing = 0;
		};
/* End PBXResourcesBuildPhase section */

/* Begin PBXSourcesBuildPhase section */
		701BB587201ED77C00A59E3E /* Sources */ = {
			isa = PBXSourcesBuildPhase;
			buildActionMask = 2147483647;
			files = (
				701BB591201ED77C00A59E3E /* ViewController.swift in Sources */,
				701BB58F201ED77C00A59E3E /* AppDelegate.swift in Sources */,
				70411943201F44BA00E813F2 /* qw.swift in Sources */,
			);
			runOnlyForDeploymentPostprocessing = 0;
		};
/* End PBXSourcesBuildPhase section */

/* Begin PBXVariantGroup section */
		701BB592201ED77C00A59E3E /* Main.storyboard */ = {
			isa = PBXVariantGroup;
			children = (
				701BB593201ED77C00A59E3E /* Base */,
			);
			name = Main.storyboard;
			sourceTree = "<group>";
		};
		701BB597201ED77C00A59E3E /* LaunchScreen.storyboard */ = {
			isa = PBXVariantGroup;
			children = (
				701BB598201ED77C00A59E3E /* Base */,
			);
			name = LaunchScreen.storyboard;
			sourceTree = "<group>";
		};
/* End PBXVariantGroup section */

/* Begin XCBuildConfiguration section */
		701BB59B201ED77C00A59E3E /* Debug */ = {
			isa = XCBuildConfiguration;
			buildSettings = {
				ALWAYS_SEARCH_USER_PATHS = NO;
				CLANG_ANALYZER_NONNULL = YES;
				CLANG_ANALYZER_NUMBER_OBJECT_CONVERSION = YES_AGGRESSIVE;
				CLANG_CXX_LANGUAGE_STANDARD = "gnu++14";
				CLANG_CXX_LIBRARY = "libc++";
				CLANG_ENABLE_MODULES = YES;
				CLANG_ENABLE_OBJC_ARC = YES;
				CLANG_WARN_BLOCK_CAPTURE_AUTORELEASING = YES;
				CLANG_WARN_BOOL_CONVERSION = YES;
				CLANG_WARN_COMMA = YES;
				CLANG_WARN_CONSTANT_CONVERSION = YES;
				CLANG_WARN_DIRECT_OBJC_ISA_USAGE = YES_ERROR;
				CLANG_WARN_DOCUMENTATION_COMMENTS = YES;
				CLANG_WARN_EMPTY_BODY = YES;
				CLANG_WARN_ENUM_CONVERSION = YES;
				CLANG_WARN_INFINITE_RECURSION = YES;
				CLANG_WARN_INT_CONVERSION = YES;
				CLANG_WARN_NON_LITERAL_NULL_CONVERSION = YES;
				CLANG_WARN_OBJC_LITERAL_CONVERSION = YES;
				CLANG_WARN_OBJC_ROOT_CLASS = YES_ERROR;
				CLANG_WARN_RANGE_LOOP_ANALYSIS = YES;
				CLANG_WARN_STRICT_PROTOTYPES = YES;
				CLANG_WARN_SUSPICIOUS_MOVE = YES;
				CLANG_WARN_UNGUARDED_AVAILABILITY = YES_AGGRESSIVE;
				CLANG_WARN_UNREACHABLE_CODE = YES;
				CLANG_WARN__DUPLICATE_METHOD_MATCH = YES;
				CODE_SIGN_IDENTITY = "iPhone Developer";
				COPY_PHASE_STRIP = NO;
				DEBUG_INFORMATION_FORMAT = dwarf;
				ENABLE_STRICT_OBJC_MSGSEND = YES;
				ENABLE_TESTABILITY = YES;
				GCC_C_LANGUAGE_STANDARD = gnu11;
				GCC_DYNAMIC_NO_PIC = NO;
				GCC_NO_COMMON_BLOCKS = YES;
				GCC_OPTIMIZATION_LEVEL = 0;
				GCC_PREPROCESSOR_DEFINITIONS = (
					"DEBUG=1",
					"$(inherited)",
				);
				GCC_WARN_64_TO_32_BIT_CONVERSION = YES;
				GCC_WARN_ABOUT_RETURN_TYPE = YES_ERROR;
				GCC_WARN_UNDECLARED_SELECTOR = YES;
				GCC_WARN_UNINITIALIZED_AUTOS = YES_AGGRESSIVE;
				GCC_WARN_UNUSED_FUNCTION = YES;
				GCC_WARN_UNUSED_VARIABLE = YES;
				IPHONEOS_DEPLOYMENT_TARGET = 11.1;
				MTL_ENABLE_DEBUG_INFO = YES;
				ONLY_ACTIVE_ARCH = YES;
				SDKROOT = iphoneos;
				SWIFT_ACTIVE_COMPILATION_CONDITIONS = DEBUG;
				SWIFT_OPTIMIZATION_LEVEL = "-Onone";
			};
			name = Debug;
		};
		701BB59C201ED77C00A59E3E /* Release */ = {
			isa = XCBuildConfiguration;
			buildSettings = {
				ALWAYS_SEARCH_USER_PATHS = NO;
				CLANG_ANALYZER_NONNULL = YES;
				CLANG_ANALYZER_NUMBER_OBJECT_CONVERSION = YES_AGGRESSIVE;
				CLANG_CXX_LANGUAGE_STANDARD = "gnu++14";
				CLANG_CXX_LIBRARY = "libc++";
				CLANG_ENABLE_MODULES = YES;
				CLANG_ENABLE_OBJC_ARC = YES;
				CLANG_WARN_BLOCK_CAPTURE_AUTORELEASING = YES;
				CLANG_WARN_BOOL_CONVERSION = YES;
				CLANG_WARN_COMMA = YES;
				CLANG_WARN_CONSTANT_CONVERSION = YES;
				CLANG_WARN_DIRECT_OBJC_ISA_USAGE = YES_ERROR;
				CLANG_WARN_DOCUMENTATION_COMMENTS = YES;
				CLANG_WARN_EMPTY_BODY = YES;
				CLANG_WARN_ENUM_CONVERSION = YES;
				CLANG_WARN_INFINITE_RECURSION = YES;
				CLANG_WARN_INT_CONVERSION = YES;
				CLANG_WARN_NON_LITERAL_NULL_CONVERSION = YES;
				CLANG_WARN_OBJC_LITERAL_CONVERSION = YES;
				CLANG_WARN_OBJC_ROOT_CLASS = YES_ERROR;
				CLANG_WARN_RANGE_LOOP_ANALYSIS = YES;
				CLANG_WARN_STRICT_PROTOTYPES = YES;
				CLANG_WARN_SUSPICIOUS_MOVE = YES;
				CLANG_WARN_UNGUARDED_AVAILABILITY = YES_AGGRESSIVE;
				CLANG_WARN_UNREACHABLE_CODE = YES;
				CLANG_WARN__DUPLICATE_METHOD_MATCH = YES;
				CODE_SIGN_IDENTITY = "iPhone Developer";
				COPY_PHASE_STRIP = NO;
				DEBUG_INFORMATION_FORMAT = "dwarf-with-dsym";
				ENABLE_NS_ASSERTIONS = NO;
				ENABLE_STRICT_OBJC_MSGSEND = YES;
				GCC_C_LANGUAGE_STANDARD = gnu11;
				GCC_NO_COMMON_BLOCKS = YES;
				GCC_WARN_64_TO_32_BIT_CONVERSION = YES;
				GCC_WARN_ABOUT_RETURN_TYPE = YES_ERROR;
				GCC_WARN_UNDECLARED_SELECTOR = YES;
				GCC_WARN_UNINITIALIZED_AUTOS = YES_AGGRESSIVE;
				GCC_WARN_UNUSED_FUNCTION = YES;
				GCC_WARN_UNUSED_VARIABLE = YES;
				IPHONEOS_DEPLOYMENT_TARGET = 11.1;
				MTL_ENABLE_DEBUG_INFO = NO;
				SDKROOT = iphoneos;
				SWIFT_OPTIMIZATION_LEVEL = "-Owholemodule";
				VALIDATE_PRODUCT = YES;
			};
			name = Release;
		};
		701BB59E201ED77C00A59E3E /* Debug */ = {
			isa = XCBuildConfiguration;
			buildSettings = {
				ASSETCATALOG_COMPILER_APPICON_NAME = AppIcon;
				CODE_SIGN_STYLE = Automatic;
				DEVELOPMENT_TEAM = MP58ZZ2W3L;
				INFOPLIST_FILE = aqqqaq/Info.plist;
				IPHONEOS_DEPLOYMENT_TARGET = 10.2;
				LD_RUNPATH_SEARCH_PATHS = "$(inherited) @executable_path/Frameworks";
				PRODUCT_BUNDLE_IDENTIFIER = dev.aqqqaq;
				PRODUCT_NAME = "$(TARGET_NAME)";
				SWIFT_VERSION = 4.0;
				TARGETED_DEVICE_FAMILY = "1,2";
			};
			name = Debug;
		};
		701BB59F201ED77C00A59E3E /* Release */ = {
			isa = XCBuildConfiguration;
			buildSettings = {
				ASSETCATALOG_COMPILER_APPICON_NAME = AppIcon;
				CODE_SIGN_STYLE = Automatic;
				DEVELOPMENT_TEAM = MP58ZZ2W3L;
				INFOPLIST_FILE = aqqqaq/Info.plist;
				IPHONEOS_DEPLOYMENT_TARGET = 10.2;
				LD_RUNPATH_SEARCH_PATHS = "$(inherited) @executable_path/Frameworks";
				PRODUCT_BUNDLE_IDENTIFIER = dev.aqqqaq;
				PRODUCT_NAME = "$(TARGET_NAME)";
				SWIFT_VERSION = 4.0;
				TARGETED_DEVICE_FAMILY = "1,2";
			};
			name = Release;
		};
/* End XCBuildConfiguration section */

/* Begin XCConfigurationList section */
		701BB586201ED77B00A59E3E /* Build configuration list for PBXProject "aqqqaq" */ = {
			isa = XCConfigurationList;
			buildConfigurations = (
				701BB59B201ED77C00A59E3E /* Debug */,
				701BB59C201ED77C00A59E3E /* Release */,
			);
			defaultConfigurationIsVisible = 0;
			defaultConfigurationName = Release;
		};
		701BB59D201ED77C00A59E3E /* Build configuration list for PBXNativeTarget "aqqqaq" */ = {
			isa = XCConfigurationList;
			buildConfigurations = (
				701BB59E201ED77C00A59E3E /* Debug */,
				701BB59F201ED77C00A59E3E /* Release */,
			);
			defaultConfigurationIsVisible = 0;
			defaultConfigurationName = Release;
		};
/* End XCConfigurationList section */
	};
	rootObject = 701BB583201ED77B00A59E3E /* Project object */;
}
